
Microsoft Visual Studio Solution File, Format Version 12.00
# Visual Studio Version 16
VisualStudioVersion = 16.0.30517.126
MinimumVisualStudioVersion = 10.0.40219.1
Project("{FAE04EC0-301F-11D3-BF4B-00C04F79EFBC}") = "SalesWebMvc", "SalesWebMvc\SalesWebMvc.csproj", "{833D3C4F-6502-4BD3-AFC9-03F67FCEC944}"
EndProject
Global
	GlobalSection(SolutionConfigurationPlatforms) = preSolution
		Debug|Any CPU = Debug|Any CPU
		Release|Any CPU = Release|Any CPU
	EndGlobalSection
	GlobalSection(ProjectConfigurationPlatforms) = postSolution
		{833D3C4F-6502-4BD3-AFC9-03F67FCEC944}.Debug|Any CPU.ActiveCfg = Debug|Any CPU
		{833D3C4F-6502-4BD3-AFC9-03F67FCEC944}.Debug|Any CPU.Build.0 = Debug|Any CPU
		{833D3C4F-6502-4BD3-AFC9-03F67FCEC944}.Release|Any CPU.ActiveCfg = Release|Any CPU
		{833D3C4F-6502-4BD3-AFC9-03F67FCEC944}.Release|Any CPU.Build.0 = Release|Any CPU
	EndGlobalSection
	GlobalSection(SolutionProperties) = preSolution
		HideSolutionNode = FALSE
	EndGlobalSection
	GlobalSection(ExtensibilityGlobals) = postSolution
		SolutionGuid = {AC71BACF-3E72-43BB-9DA6-379B5A0CD822}
	EndGlobalSection
EndGlobal
